
Microsoft Visual Studio Solution File, Format Version 12.00
# Visual Studio Version 17
VisualStudioVersion = 17.8.34316.72
MinimumVisualStudioVersion = 10.0.40219.1
Project("{FAE04EC0-301F-11D3-BF4B-00C04F79EFBC}") = "webapp", "webapp\webapp.csproj", "{96855AAE-A0F0-4BF9-9F5F-3A5F7AD9BC0C}"
EndProject
Global
	GlobalSection(SolutionConfigurationPlatforms) = preSolution
		Debug|Any CPU = Debug|Any CPU
		Release|Any CPU = Release|Any CPU
	EndGlobalSection
	GlobalSection(ProjectConfigurationPlatforms) = postSolution
		{96855AAE-A0F0-4BF9-9F5F-3A5F7AD9BC0C}.Debug|Any CPU.ActiveCfg = Debug|Any CPU
		{96855AAE-A0F0-4BF9-9F5F-3A5F7AD9BC0C}.Debug|Any CPU.Build.0 = Debug|Any CPU
		{96855AAE-A0F0-4BF9-9F5F-3A5F7AD9BC0C}.Release|Any CPU.ActiveCfg = Release|Any CPU
		{96855AAE-A0F0-4BF9-9F5F-3A5F7AD9BC0C}.Release|Any CPU.Build.0 = Release|Any CPU
	EndGlobalSection
	GlobalSection(SolutionProperties) = preSolution
		HideSolutionNode = FALSE
	EndGlobalSection
	GlobalSection(ExtensibilityGlobals) = postSolution
		SolutionGuid = {C512DD0B-8865-4337-A2E1-358EB6FEDCB3}
	EndGlobalSection
EndGlobal
